
Microsoft Visual Studio Solution File, Format Version 12.00
# Visual Studio 15
VisualStudioVersion = 15.0.26403.7
MinimumVisualStudioVersion = 10.0.40219.1
Project("{FAE04EC0-301F-11D3-BF4B-00C04F79EFBC}") = "JwtIssuer", "JwtApplication\JwtIssuer.csproj", "{5D96156E-FCE3-4C96-B7D7-D9DBC6146C95}"
EndProject
Project("{FAE04EC0-301F-11D3-BF4B-00C04F79EFBC}") = "JwtAudience", "JwtAudience\JwtAudience.csproj", "{0B936E42-5669-45F7-AF6C-F18DE1B589F2}"
EndProject
Project("{FAE04EC0-301F-11D3-BF4B-00C04F79EFBC}") = "JwtUtils", "JwtUtils\JwtUtils.csproj", "{780C28F4-A408-4AEA-85A3-1D757DA4A605}"
EndProject
Project("{FAE04EC0-301F-11D3-BF4B-00C04F79EFBC}") = "Test", "Test\Test.csproj", "{E2948DDF-FB89-4CA3-9827-2D9DF991B317}"
EndProject
Global
	GlobalSection(SolutionConfigurationPlatforms) = preSolution
		Debug|Any CPU = Debug|Any CPU
		Release|Any CPU = Release|Any CPU
	EndGlobalSection
	GlobalSection(ProjectConfigurationPlatforms) = postSolution
		{5D96156E-FCE3-4C96-B7D7-D9DBC6146C95}.Debug|Any CPU.ActiveCfg = Debug|Any CPU
		{5D96156E-FCE3-4C96-B7D7-D9DBC6146C95}.Debug|Any CPU.Build.0 = Debug|Any CPU
		{5D96156E-FCE3-4C96-B7D7-D9DBC6146C95}.Release|Any CPU.ActiveCfg = Release|Any CPU
		{5D96156E-FCE3-4C96-B7D7-D9DBC6146C95}.Release|Any CPU.Build.0 = Release|Any CPU
		{0B936E42-5669-45F7-AF6C-F18DE1B589F2}.Debug|Any CPU.ActiveCfg = Debug|Any CPU
		{0B936E42-5669-45F7-AF6C-F18DE1B589F2}.Debug|Any CPU.Build.0 = Debug|Any CPU
		{0B936E42-5669-45F7-AF6C-F18DE1B589F2}.Release|Any CPU.ActiveCfg = Release|Any CPU
		{0B936E42-5669-45F7-AF6C-F18DE1B589F2}.Release|Any CPU.Build.0 = Release|Any CPU
		{780C28F4-A408-4AEA-85A3-1D757DA4A605}.Debug|Any CPU.ActiveCfg = Debug|Any CPU
		{780C28F4-A408-4AEA-85A3-1D757DA4A605}.Debug|Any CPU.Build.0 = Debug|Any CPU
		{780C28F4-A408-4AEA-85A3-1D757DA4A605}.Release|Any CPU.ActiveCfg = Release|Any CPU
		{780C28F4-A408-4AEA-85A3-1D757DA4A605}.Release|Any CPU.Build.0 = Release|Any CPU
		{E2948DDF-FB89-4CA3-9827-2D9DF991B317}.Debug|Any CPU.ActiveCfg = Debug|Any CPU
		{E2948DDF-FB89-4CA3-9827-2D9DF991B317}.Debug|Any CPU.Build.0 = Debug|Any CPU
		{E2948DDF-FB89-4CA3-9827-2D9DF991B317}.Release|Any CPU.ActiveCfg = Release|Any CPU
		{E2948DDF-FB89-4CA3-9827-2D9DF991B317}.Release|Any CPU.Build.0 = Release|Any CPU
	EndGlobalSection
	GlobalSection(SolutionProperties) = preSolution
		HideSolutionNode = FALSE
	EndGlobalSection
EndGlobal
